
Microsoft Visual Studio Solution File, Format Version 12.00
# Visual Studio Version 17
VisualStudioVersion = 17.11.35303.130
MinimumVisualStudioVersion = 10.0.40219.1
Project("{2150E333-8FDC-42A3-9474-1A3956D46DE8}") = "Task0", "Task0", "{1083FFA4-8273-493A-B05B-8424B9BF2B03}"
EndProject
Project("{9A19103F-16F7-4668-BE54-9A1E7A4F7556}") = "Tyuiu.ChigurovMV.Sprint1.Task0.V20", "Tyuiu.ChigurovMV.Sprint1.Task0.V20\Tyuiu.ChigurovMV.Sprint1.Task0.V20.csproj", "{0BDF560C-DD53-4CF6-A4CF-A7D752BE537A}"
EndProject
Project("{9A19103F-16F7-4668-BE54-9A1E7A4F7556}") = "Tyuiu.ChigurovMV.Sprint1.Task0.V20.Lib", "Tyuiu.ChigurovMV.Sprint1.Task0.V20.Lib\Tyuiu.ChigurovMV.Sprint1.Task0.V20.Lib.csproj", "{36D011CE-F1E9-44F2-A408-4B0F7EF50469}"
EndProject
Project("{9A19103F-16F7-4668-BE54-9A1E7A4F7556}") = "Tyuiu.ChigurovMV.Sprint1.Task0.V20.Test", "Tyuiu.ChigurovMV.Sprint1.Task0.V20.Test\Tyuiu.ChigurovMV.Sprint1.Task0.V20.Test.csproj", "{5D135641-B6F9-4EFF-AA0B-0259133D9322}"
EndProject
Global
	GlobalSection(SolutionConfigurationPlatforms) = preSolution
		Debug|Any CPU = Debug|Any CPU
		Release|Any CPU = Release|Any CPU
	EndGlobalSection
	GlobalSection(ProjectConfigurationPlatforms) = postSolution
		{0BDF560C-DD53-4CF6-A4CF-A7D752BE537A}.Debug|Any CPU.ActiveCfg = Debug|Any CPU
		{0BDF560C-DD53-4CF6-A4CF-A7D752BE537A}.Debug|Any CPU.Build.0 = Debug|Any CPU
		{0BDF560C-DD53-4CF6-A4CF-A7D752BE537A}.Release|Any CPU.ActiveCfg = Release|Any CPU
		{0BDF560C-DD53-4CF6-A4CF-A7D752BE537A}.Release|Any CPU.Build.0 = Release|Any CPU
		{36D011CE-F1E9-44F2-A408-4B0F7EF50469}.Debug|Any CPU.ActiveCfg = Debug|Any CPU
		{36D011CE-F1E9-44F2-A408-4B0F7EF50469}.Debug|Any CPU.Build.0 = Debug|Any CPU
		{36D011CE-F1E9-44F2-A408-4B0F7EF50469}.Release|Any CPU.ActiveCfg = Release|Any CPU
		{36D011CE-F1E9-44F2-A408-4B0F7EF50469}.Release|Any CPU.Build.0 = Release|Any CPU
		{5D135641-B6F9-4EFF-AA0B-0259133D9322}.Debug|Any CPU.ActiveCfg = Debug|Any CPU
		{5D135641-B6F9-4EFF-AA0B-0259133D9322}.Debug|Any CPU.Build.0 = Debug|Any CPU
		{5D135641-B6F9-4EFF-AA0B-0259133D9322}.Release|Any CPU.ActiveCfg = Release|Any CPU
		{5D135641-B6F9-4EFF-AA0B-0259133D9322}.Release|Any CPU.Build.0 = Release|Any CPU
	EndGlobalSection
	GlobalSection(SolutionProperties) = preSolution
		HideSolutionNode = FALSE
	EndGlobalSection
	GlobalSection(NestedProjects) = preSolution
		{0BDF560C-DD53-4CF6-A4CF-A7D752BE537A} = {1083FFA4-8273-493A-B05B-8424B9BF2B03}
		{36D011CE-F1E9-44F2-A408-4B0F7EF50469} = {1083FFA4-8273-493A-B05B-8424B9BF2B03}
		{5D135641-B6F9-4EFF-AA0B-0259133D9322} = {1083FFA4-8273-493A-B05B-8424B9BF2B03}
	EndGlobalSection
	GlobalSection(ExtensibilityGlobals) = postSolution
		SolutionGuid = {1916805C-0A94-4975-BEED-B605C7BBBBDB}
	EndGlobalSection
EndGlobal
