
Microsoft Visual Studio Solution File, Format Version 12.00
# Visual Studio Version 17
VisualStudioVersion = 17.11.35303.130
MinimumVisualStudioVersion = 10.0.40219.1
Project("{2150E333-8FDC-42A3-9474-1A3956D46DE8}") = "Task0", "Task0", "{1083FFA4-8273-493A-B05B-8424B9BF2B03}"
EndProject
Project("{9A19103F-16F7-4668-BE54-9A1E7A4F7556}") = "Tyuiu.ChigurovMV.Sprint1.Task0.V20", "Tyuiu.ChigurovMV.Sprint1.Task0.V20\Tyuiu.ChigurovMV.Sprint1.Task0.V20.csproj", "{0BDF560C-DD53-4CF6-A4CF-A7D752BE537A}"
EndProject
Project("{9A19103F-16F7-4668-BE54-9A1E7A4F7556}") = "Tyuiu.ChigurovMV.Sprint1.Task0.V20.Lib", "Tyuiu.ChigurovMV.Sprint1.Task0.V20.Lib\Tyuiu.ChigurovMV.Sprint1.Task0.V20.Lib.csproj", "{36D011CE-F1E9-44F2-A408-4B0F7EF50469}"
EndProject
Project("{9A19103F-16F7-4668-BE54-9A1E7A4F7556}") = "Tyuiu.ChigurovMV.Sprint1.Task0.V20.Test", "Tyuiu.ChigurovMV.Sprint1.Task0.V20.Test\Tyuiu.ChigurovMV.Sprint1.Task0.V20.Test.csproj", "{5D135641-B6F9-4EFF-AA0B-0259133D9322}"
EndProject
Project("{2150E333-8FDC-42A3-9474-1A3956D46DE8}") = "Task1", "Task1", "{4FD0FD91-72ED-4B6C-9013-FECC57B0C0FB}"
EndProject
Project("{9A19103F-16F7-4668-BE54-9A1E7A4F7556}") = "Tyuiu.ChigurovMV.Sprint1.Task1.V29.Lib", "Tyuiu.ChigurovMV.Sprint1.Task1.V29.Lib\Tyuiu.ChigurovMV.Sprint1.Task1.V29.Lib.csproj", "{65B83122-16A1-4BA4-B759-333A0AB8E8AB}"
EndProject
Project("{9A19103F-16F7-4668-BE54-9A1E7A4F7556}") = "Tyuiu.ChigurovMV.Sprint1.Task1.V29", "Tyuiu.ChigurovMV.Sprint1.Task1.V29\Tyuiu.ChigurovMV.Sprint1.Task1.V29.csproj", "{0B23FBDF-8C31-4026-B4D8-0236490F37E8}"
EndProject
Project("{9A19103F-16F7-4668-BE54-9A1E7A4F7556}") = "Tyuiu.ChigurovMV.Sprint1.Task1.V29.Test", "Tyuiu.ChigurovMV.Sprint1.Task1.V29.Test\Tyuiu.ChigurovMV.Sprint1.Task1.V29.Test.csproj", "{0C24DCAC-0684-48A6-A2D8-89F20D1FEAEE}"
EndProject
Project("{2150E333-8FDC-42A3-9474-1A3956D46DE8}") = "Task2", "Task2", "{C42255FC-2838-483C-8729-543F0B36A85B}"
EndProject
Project("{9A19103F-16F7-4668-BE54-9A1E7A4F7556}") = "Tyuiu.ChigurovMV.Sprint1.Task2.V12", "Tyuiu.ChigurovMV.Sprint1.Task2.V12\Tyuiu.ChigurovMV.Sprint1.Task2.V12.csproj", "{016269C4-8162-4CCD-A248-622C0B77B707}"
EndProject
Project("{9A19103F-16F7-4668-BE54-9A1E7A4F7556}") = "Tyuiu.ChigurovMV.Sprint1.Task2.V12.Lib", "Tyuiu.ChigurovMV.Sprint1.Task2.V12.Lib\Tyuiu.ChigurovMV.Sprint1.Task2.V12.Lib.csproj", "{F0540FFA-309D-4186-B863-AABF022CE182}"
EndProject
Project("{9A19103F-16F7-4668-BE54-9A1E7A4F7556}") = "Tyuiu.ChigurovMV.Sprint1.Task2.V12.Test", "Tyuiu.ChigurovMV.Sprint1.Task2.V12.Test\Tyuiu.ChigurovMV.Sprint1.Task2.V12.Test.csproj", "{903E3431-912B-4DBD-8C02-95D6FDCED36C}"
EndProject
Project("{2150E333-8FDC-42A3-9474-1A3956D46DE8}") = "Task3", "Task3", "{53D7BDAF-DB2D-4A34-BD4C-1E1A1B5A697B}"
EndProject
Project("{9A19103F-16F7-4668-BE54-9A1E7A4F7556}") = "Tyuiu.ChigurovMV.Sprint1.Task3.V7", "Tyuiu.ChigurovMV.Sprint1.Task3.V7\Tyuiu.ChigurovMV.Sprint1.Task3.V7.csproj", "{446039C9-8798-4501-9732-F61AEE475AD3}"
EndProject
Project("{9A19103F-16F7-4668-BE54-9A1E7A4F7556}") = "Tyuiu.ChigurovMV.Sprint1.Task3.V7.Test", "Tyuiu.ChigurovMV.Sprint1.Task3.V7.Test\Tyuiu.ChigurovMV.Sprint1.Task3.V7.Test.csproj", "{C9329863-E3DF-481A-92F9-57B81E4DDC6C}"
EndProject
Project("{9A19103F-16F7-4668-BE54-9A1E7A4F7556}") = "Tyuiu.ChigurovMV.Sprint1.Task3.V7.Lib", "Tyuiu.ChigurovMV.Sprint1.Task3.V7.Lib\Tyuiu.ChigurovMV.Sprint1.Task3.V7.Lib.csproj", "{6380311B-ACA9-448D-9EBF-CFF450D731C5}"
EndProject
Project("{2150E333-8FDC-42A3-9474-1A3956D46DE8}") = "Task4", "Task4", "{F754AFA3-E5A7-4CFB-959A-2270DD550EAF}"
EndProject
Project("{9A19103F-16F7-4668-BE54-9A1E7A4F7556}") = "Tyuiu.ChigurovMV.Sprint1.Task4.V29", "Tyuiu.ChigurovMV.Sprint1.Task4.V29\Tyuiu.ChigurovMV.Sprint1.Task4.V29.csproj", "{AD3665C1-2225-467B-84C1-69E192BF4F4C}"
EndProject
Project("{9A19103F-16F7-4668-BE54-9A1E7A4F7556}") = "Tyuiu.ChigurovMV.Sprint1.Task4.V29.Lib", "Tyuiu.ChigurovMV.Sprint1.Task4.V29.Lib\Tyuiu.ChigurovMV.Sprint1.Task4.V29.Lib.csproj", "{7810BA9F-318B-4745-9B32-E3170B5B081B}"
EndProject
Project("{9A19103F-16F7-4668-BE54-9A1E7A4F7556}") = "Tyuiu.ChigurovMV.Sprint1.Task4.V29.Test", "Tyuiu.ChigurovMV.Sprint1.Task4.V29.Test\Tyuiu.ChigurovMV.Sprint1.Task4.V29.Test.csproj", "{294536E4-51D0-4301-AC3E-820AFE97882F}"
EndProject
Project("{2150E333-8FDC-42A3-9474-1A3956D46DE8}") = "Task5", "Task5", "{9066D1CA-ED94-4F12-8F42-CF90A605B054}"
EndProject
Project("{9A19103F-16F7-4668-BE54-9A1E7A4F7556}") = "Tyuiu.ChigurovMV.Sprint1.Task5.V4", "Tyuiu.ChigurovMV.Sprint1.Task5.V4\Tyuiu.ChigurovMV.Sprint1.Task5.V4.csproj", "{9C10D978-A95F-4D4A-BE1A-902D42CE6DF5}"
EndProject
Project("{9A19103F-16F7-4668-BE54-9A1E7A4F7556}") = "Tyuiu.ChigurovMV.Sprint1.Task5.V4.Lib", "Tyuiu.ChigurovMV.Sprint1.Task5.V4.Lib\Tyuiu.ChigurovMV.Sprint1.Task5.V4.Lib.csproj", "{F7CEB8F7-A833-4BEB-96D6-E87B1FDBDD76}"
EndProject
Project("{9A19103F-16F7-4668-BE54-9A1E7A4F7556}") = "Tyuiu.ChigurovMV.Sprint1.Task5.V4.Test", "Tyuiu.ChigurovMV.Sprint1.Task5.V4.Test\Tyuiu.ChigurovMV.Sprint1.Task5.V4.Test.csproj", "{E3D3920B-834C-4669-9BB9-94A3D3DDAA49}"
EndProject
Project("{2150E333-8FDC-42A3-9474-1A3956D46DE8}") = "Task6", "Task6", "{3A073D08-4422-425D-88C7-5735FB85090D}"
EndProject
Project("{FAE04EC0-301F-11D3-BF4B-00C04F79EFBC}") = "Tyuiu.ChigurovMV.Sprint1.Task6.V11", "Tyuiu.ChigurovMV.Sprint1.Task6.V11\Tyuiu.ChigurovMV.Sprint1.Task6.V11.csproj", "{4B16A9AD-72BC-41AD-AF8B-631718379189}"
EndProject
Project("{FAE04EC0-301F-11D3-BF4B-00C04F79EFBC}") = "Tyuiu.ChigurovMV.Sprint1.Task6.V11.Test", "Tyuiu.ChigurovMV.Sprint1.Task6.V11.Test\Tyuiu.ChigurovMV.Sprint1.Task6.V11.Test.csproj", "{ACBEA1E7-240F-4783-82D3-7AC7CF2D4BBD}"
EndProject
Project("{FAE04EC0-301F-11D3-BF4B-00C04F79EFBC}") = "Tyuiu.ChigurovMV.Sprint1.Task6.V11.Lib", "Tyuiu.ChigurovMV.Sprint1.Task6.V11.Lib\Tyuiu.ChigurovMV.Sprint1.Task6.V11.Lib.csproj", "{DC5922C2-6865-4E1A-961B-4B90C3F112C1}"
EndProject
Global
	GlobalSection(SolutionConfigurationPlatforms) = preSolution
		Debug|Any CPU = Debug|Any CPU
		Release|Any CPU = Release|Any CPU
	EndGlobalSection
	GlobalSection(ProjectConfigurationPlatforms) = postSolution
		{0BDF560C-DD53-4CF6-A4CF-A7D752BE537A}.Debug|Any CPU.ActiveCfg = Debug|Any CPU
		{0BDF560C-DD53-4CF6-A4CF-A7D752BE537A}.Debug|Any CPU.Build.0 = Debug|Any CPU
		{0BDF560C-DD53-4CF6-A4CF-A7D752BE537A}.Release|Any CPU.ActiveCfg = Release|Any CPU
		{0BDF560C-DD53-4CF6-A4CF-A7D752BE537A}.Release|Any CPU.Build.0 = Release|Any CPU
		{36D011CE-F1E9-44F2-A408-4B0F7EF50469}.Debug|Any CPU.ActiveCfg = Debug|Any CPU
		{36D011CE-F1E9-44F2-A408-4B0F7EF50469}.Debug|Any CPU.Build.0 = Debug|Any CPU
		{36D011CE-F1E9-44F2-A408-4B0F7EF50469}.Release|Any CPU.ActiveCfg = Release|Any CPU
		{36D011CE-F1E9-44F2-A408-4B0F7EF50469}.Release|Any CPU.Build.0 = Release|Any CPU
		{5D135641-B6F9-4EFF-AA0B-0259133D9322}.Debug|Any CPU.ActiveCfg = Debug|Any CPU
		{5D135641-B6F9-4EFF-AA0B-0259133D9322}.Debug|Any CPU.Build.0 = Debug|Any CPU
		{5D135641-B6F9-4EFF-AA0B-0259133D9322}.Release|Any CPU.ActiveCfg = Release|Any CPU
		{5D135641-B6F9-4EFF-AA0B-0259133D9322}.Release|Any CPU.Build.0 = Release|Any CPU
		{65B83122-16A1-4BA4-B759-333A0AB8E8AB}.Debug|Any CPU.ActiveCfg = Debug|Any CPU
		{65B83122-16A1-4BA4-B759-333A0AB8E8AB}.Debug|Any CPU.Build.0 = Debug|Any CPU
		{65B83122-16A1-4BA4-B759-333A0AB8E8AB}.Release|Any CPU.ActiveCfg = Release|Any CPU
		{65B83122-16A1-4BA4-B759-333A0AB8E8AB}.Release|Any CPU.Build.0 = Release|Any CPU
		{0B23FBDF-8C31-4026-B4D8-0236490F37E8}.Debug|Any CPU.ActiveCfg = Debug|Any CPU
		{0B23FBDF-8C31-4026-B4D8-0236490F37E8}.Debug|Any CPU.Build.0 = Debug|Any CPU
		{0B23FBDF-8C31-4026-B4D8-0236490F37E8}.Release|Any CPU.ActiveCfg = Release|Any CPU
		{0B23FBDF-8C31-4026-B4D8-0236490F37E8}.Release|Any CPU.Build.0 = Release|Any CPU
		{0C24DCAC-0684-48A6-A2D8-89F20D1FEAEE}.Debug|Any CPU.ActiveCfg = Debug|Any CPU
		{0C24DCAC-0684-48A6-A2D8-89F20D1FEAEE}.Debug|Any CPU.Build.0 = Debug|Any CPU
		{0C24DCAC-0684-48A6-A2D8-89F20D1FEAEE}.Release|Any CPU.ActiveCfg = Release|Any CPU
		{0C24DCAC-0684-48A6-A2D8-89F20D1FEAEE}.Release|Any CPU.Build.0 = Release|Any CPU
		{016269C4-8162-4CCD-A248-622C0B77B707}.Debug|Any CPU.ActiveCfg = Debug|Any CPU
		{016269C4-8162-4CCD-A248-622C0B77B707}.Debug|Any CPU.Build.0 = Debug|Any CPU
		{016269C4-8162-4CCD-A248-622C0B77B707}.Release|Any CPU.ActiveCfg = Release|Any CPU
		{016269C4-8162-4CCD-A248-622C0B77B707}.Release|Any CPU.Build.0 = Release|Any CPU
		{F0540FFA-309D-4186-B863-AABF022CE182}.Debug|Any CPU.ActiveCfg = Debug|Any CPU
		{F0540FFA-309D-4186-B863-AABF022CE182}.Debug|Any CPU.Build.0 = Debug|Any CPU
		{F0540FFA-309D-4186-B863-AABF022CE182}.Release|Any CPU.ActiveCfg = Release|Any CPU
		{F0540FFA-309D-4186-B863-AABF022CE182}.Release|Any CPU.Build.0 = Release|Any CPU
		{903E3431-912B-4DBD-8C02-95D6FDCED36C}.Debug|Any CPU.ActiveCfg = Debug|Any CPU
		{903E3431-912B-4DBD-8C02-95D6FDCED36C}.Debug|Any CPU.Build.0 = Debug|Any CPU
		{903E3431-912B-4DBD-8C02-95D6FDCED36C}.Release|Any CPU.ActiveCfg = Release|Any CPU
		{903E3431-912B-4DBD-8C02-95D6FDCED36C}.Release|Any CPU.Build.0 = Release|Any CPU
		{446039C9-8798-4501-9732-F61AEE475AD3}.Debug|Any CPU.ActiveCfg = Debug|Any CPU
		{446039C9-8798-4501-9732-F61AEE475AD3}.Debug|Any CPU.Build.0 = Debug|Any CPU
		{446039C9-8798-4501-9732-F61AEE475AD3}.Release|Any CPU.ActiveCfg = Release|Any CPU
		{446039C9-8798-4501-9732-F61AEE475AD3}.Release|Any CPU.Build.0 = Release|Any CPU
		{C9329863-E3DF-481A-92F9-57B81E4DDC6C}.Debug|Any CPU.ActiveCfg = Debug|Any CPU
		{C9329863-E3DF-481A-92F9-57B81E4DDC6C}.Debug|Any CPU.Build.0 = Debug|Any CPU
		{C9329863-E3DF-481A-92F9-57B81E4DDC6C}.Release|Any CPU.ActiveCfg = Release|Any CPU
		{C9329863-E3DF-481A-92F9-57B81E4DDC6C}.Release|Any CPU.Build.0 = Release|Any CPU
		{6380311B-ACA9-448D-9EBF-CFF450D731C5}.Debug|Any CPU.ActiveCfg = Debug|Any CPU
		{6380311B-ACA9-448D-9EBF-CFF450D731C5}.Debug|Any CPU.Build.0 = Debug|Any CPU
		{6380311B-ACA9-448D-9EBF-CFF450D731C5}.Release|Any CPU.ActiveCfg = Release|Any CPU
		{6380311B-ACA9-448D-9EBF-CFF450D731C5}.Release|Any CPU.Build.0 = Release|Any CPU
		{AD3665C1-2225-467B-84C1-69E192BF4F4C}.Debug|Any CPU.ActiveCfg = Debug|Any CPU
		{AD3665C1-2225-467B-84C1-69E192BF4F4C}.Debug|Any CPU.Build.0 = Debug|Any CPU
		{AD3665C1-2225-467B-84C1-69E192BF4F4C}.Release|Any CPU.ActiveCfg = Release|Any CPU
		{AD3665C1-2225-467B-84C1-69E192BF4F4C}.Release|Any CPU.Build.0 = Release|Any CPU
		{7810BA9F-318B-4745-9B32-E3170B5B081B}.Debug|Any CPU.ActiveCfg = Debug|Any CPU
		{7810BA9F-318B-4745-9B32-E3170B5B081B}.Debug|Any CPU.Build.0 = Debug|Any CPU
		{7810BA9F-318B-4745-9B32-E3170B5B081B}.Release|Any CPU.ActiveCfg = Release|Any CPU
		{7810BA9F-318B-4745-9B32-E3170B5B081B}.Release|Any CPU.Build.0 = Release|Any CPU
		{294536E4-51D0-4301-AC3E-820AFE97882F}.Debug|Any CPU.ActiveCfg = Debug|Any CPU
		{294536E4-51D0-4301-AC3E-820AFE97882F}.Debug|Any CPU.Build.0 = Debug|Any CPU
		{294536E4-51D0-4301-AC3E-820AFE97882F}.Release|Any CPU.ActiveCfg = Release|Any CPU
		{294536E4-51D0-4301-AC3E-820AFE97882F}.Release|Any CPU.Build.0 = Release|Any CPU
		{9C10D978-A95F-4D4A-BE1A-902D42CE6DF5}.Debug|Any CPU.ActiveCfg = Debug|Any CPU
		{9C10D978-A95F-4D4A-BE1A-902D42CE6DF5}.Debug|Any CPU.Build.0 = Debug|Any CPU
		{9C10D978-A95F-4D4A-BE1A-902D42CE6DF5}.Release|Any CPU.ActiveCfg = Release|Any CPU
		{9C10D978-A95F-4D4A-BE1A-902D42CE6DF5}.Release|Any CPU.Build.0 = Release|Any CPU
		{F7CEB8F7-A833-4BEB-96D6-E87B1FDBDD76}.Debug|Any CPU.ActiveCfg = Debug|Any CPU
		{F7CEB8F7-A833-4BEB-96D6-E87B1FDBDD76}.Debug|Any CPU.Build.0 = Debug|Any CPU
		{F7CEB8F7-A833-4BEB-96D6-E87B1FDBDD76}.Release|Any CPU.ActiveCfg = Release|Any CPU
		{F7CEB8F7-A833-4BEB-96D6-E87B1FDBDD76}.Release|Any CPU.Build.0 = Release|Any CPU
		{E3D3920B-834C-4669-9BB9-94A3D3DDAA49}.Debug|Any CPU.ActiveCfg = Debug|Any CPU
		{E3D3920B-834C-4669-9BB9-94A3D3DDAA49}.Debug|Any CPU.Build.0 = Debug|Any CPU
		{E3D3920B-834C-4669-9BB9-94A3D3DDAA49}.Release|Any CPU.ActiveCfg = Release|Any CPU
		{E3D3920B-834C-4669-9BB9-94A3D3DDAA49}.Release|Any CPU.Build.0 = Release|Any CPU
		{4B16A9AD-72BC-41AD-AF8B-631718379189}.Debug|Any CPU.ActiveCfg = Debug|Any CPU
		{4B16A9AD-72BC-41AD-AF8B-631718379189}.Debug|Any CPU.Build.0 = Debug|Any CPU
		{4B16A9AD-72BC-41AD-AF8B-631718379189}.Release|Any CPU.ActiveCfg = Release|Any CPU
		{4B16A9AD-72BC-41AD-AF8B-631718379189}.Release|Any CPU.Build.0 = Release|Any CPU
		{ACBEA1E7-240F-4783-82D3-7AC7CF2D4BBD}.Debug|Any CPU.ActiveCfg = Debug|Any CPU
		{ACBEA1E7-240F-4783-82D3-7AC7CF2D4BBD}.Debug|Any CPU.Build.0 = Debug|Any CPU
		{ACBEA1E7-240F-4783-82D3-7AC7CF2D4BBD}.Release|Any CPU.ActiveCfg = Release|Any CPU
		{ACBEA1E7-240F-4783-82D3-7AC7CF2D4BBD}.Release|Any CPU.Build.0 = Release|Any CPU
		{DC5922C2-6865-4E1A-961B-4B90C3F112C1}.Debug|Any CPU.ActiveCfg = Debug|Any CPU
		{DC5922C2-6865-4E1A-961B-4B90C3F112C1}.Debug|Any CPU.Build.0 = Debug|Any CPU
		{DC5922C2-6865-4E1A-961B-4B90C3F112C1}.Release|Any CPU.ActiveCfg = Release|Any CPU
		{DC5922C2-6865-4E1A-961B-4B90C3F112C1}.Release|Any CPU.Build.0 = Release|Any CPU
	EndGlobalSection
	GlobalSection(SolutionProperties) = preSolution
		HideSolutionNode = FALSE
	EndGlobalSection
	GlobalSection(NestedProjects) = preSolution
		{0BDF560C-DD53-4CF6-A4CF-A7D752BE537A} = {1083FFA4-8273-493A-B05B-8424B9BF2B03}
		{36D011CE-F1E9-44F2-A408-4B0F7EF50469} = {1083FFA4-8273-493A-B05B-8424B9BF2B03}
		{5D135641-B6F9-4EFF-AA0B-0259133D9322} = {1083FFA4-8273-493A-B05B-8424B9BF2B03}
		{65B83122-16A1-4BA4-B759-333A0AB8E8AB} = {4FD0FD91-72ED-4B6C-9013-FECC57B0C0FB}
		{0B23FBDF-8C31-4026-B4D8-0236490F37E8} = {4FD0FD91-72ED-4B6C-9013-FECC57B0C0FB}
		{0C24DCAC-0684-48A6-A2D8-89F20D1FEAEE} = {4FD0FD91-72ED-4B6C-9013-FECC57B0C0FB}
		{016269C4-8162-4CCD-A248-622C0B77B707} = {C42255FC-2838-483C-8729-543F0B36A85B}
		{F0540FFA-309D-4186-B863-AABF022CE182} = {C42255FC-2838-483C-8729-543F0B36A85B}
		{903E3431-912B-4DBD-8C02-95D6FDCED36C} = {C42255FC-2838-483C-8729-543F0B36A85B}
		{446039C9-8798-4501-9732-F61AEE475AD3} = {53D7BDAF-DB2D-4A34-BD4C-1E1A1B5A697B}
		{C9329863-E3DF-481A-92F9-57B81E4DDC6C} = {53D7BDAF-DB2D-4A34-BD4C-1E1A1B5A697B}
		{6380311B-ACA9-448D-9EBF-CFF450D731C5} = {53D7BDAF-DB2D-4A34-BD4C-1E1A1B5A697B}
		{AD3665C1-2225-467B-84C1-69E192BF4F4C} = {F754AFA3-E5A7-4CFB-959A-2270DD550EAF}
		{7810BA9F-318B-4745-9B32-E3170B5B081B} = {F754AFA3-E5A7-4CFB-959A-2270DD550EAF}
		{294536E4-51D0-4301-AC3E-820AFE97882F} = {F754AFA3-E5A7-4CFB-959A-2270DD550EAF}
		{9C10D978-A95F-4D4A-BE1A-902D42CE6DF5} = {9066D1CA-ED94-4F12-8F42-CF90A605B054}
		{F7CEB8F7-A833-4BEB-96D6-E87B1FDBDD76} = {9066D1CA-ED94-4F12-8F42-CF90A605B054}
		{E3D3920B-834C-4669-9BB9-94A3D3DDAA49} = {9066D1CA-ED94-4F12-8F42-CF90A605B054}
		{4B16A9AD-72BC-41AD-AF8B-631718379189} = {3A073D08-4422-425D-88C7-5735FB85090D}
		{ACBEA1E7-240F-4783-82D3-7AC7CF2D4BBD} = {3A073D08-4422-425D-88C7-5735FB85090D}
		{DC5922C2-6865-4E1A-961B-4B90C3F112C1} = {3A073D08-4422-425D-88C7-5735FB85090D}
	EndGlobalSection
	GlobalSection(ExtensibilityGlobals) = postSolution
		SolutionGuid = {1916805C-0A94-4975-BEED-B605C7BBBBDB}
	EndGlobalSection
EndGlobal
